// !$*UTF8*$!
{
	archiveVersion = 1;
	classes = {
	};
	objectVersion = 54;
	objects = {

/* Begin PBXBuildFile section */
		00E356F31AD99517003FC87E /* Lemonade_Standing_AppTests.m in Sources */ = {isa = PBXBuildFile; fileRef = 00E356F21AD99517003FC87E /* Lemonade_Standing_AppTests.m */; };
		018204A76918498CA7EBCD36 /* heart_ic_liked.png in Resources */ = {isa = PBXBuildFile; fileRef = BB9BE392E2E24A249C6D4064 /* heart_ic_liked.png */; };
		08A1D664DE9C4FAF99EA383C /* tick_circle.png in Resources */ = {isa = PBXBuildFile; fileRef = 6D6008023B794FC386F54194 /* tick_circle.png */; };
		098124C3738849129ADA5CC2 /* chevron_right.png in Resources */ = {isa = PBXBuildFile; fileRef = 0BB8FD11B3C9402F96E5DA69 /* chevron_right.png */; };
		0A3F17A90354480EBD5AA0BA /* Caveat.ttf in Resources */ = {isa = PBXBuildFile; fileRef = 7FC3310541A243B9BAC28DB5 /* Caveat.ttf */; };
		0BFD22F4740545D7A12B3C6A /* location.png in Resources */ = {isa = PBXBuildFile; fileRef = E5D4BC17F7314F0B861B1F1D /* location.png */; };
		0C80B921A6F3F58F76C31292 /* libPods-Lemonade_Standing_App.a in Frameworks */ = {isa = PBXBuildFile; fileRef = 5DCACB8F33CDC322A6C60F78 /* libPods-Lemonade_Standing_App.a */; };
		0D86CFD388EC4910A6AB6FFF /* background.png in Resources */ = {isa = PBXBuildFile; fileRef = 212485CA360B47ADAF689D99 /* background.png */; };
		1304A30E5E5844F194C81030 /* heart_ic.png in Resources */ = {isa = PBXBuildFile; fileRef = 11DF90FFA319463081EF52AC /* heart_ic.png */; };
		13B07FBC1A68108700A75B9A /* AppDelegate.mm in Sources */ = {isa = PBXBuildFile; fileRef = 13B07FB01A68108700A75B9A /* AppDelegate.mm */; };
		13B07FBF1A68108700A75B9A /* Images.xcassets in Resources */ = {isa = PBXBuildFile; fileRef = 13B07FB51A68108700A75B9A /* Images.xcassets */; };
		13B07FC11A68108700A75B9A /* main.m in Sources */ = {isa = PBXBuildFile; fileRef = 13B07FB71A68108700A75B9A /* main.m */; };
		154B420C544343A3A241752A /* mint_lemonade.png in Resources */ = {isa = PBXBuildFile; fileRef = B13C07E0E8854A1088DD0F15 /* mint_lemonade.png */; };
		19E132B6905D4325AFA44436 /* Caveat-Bold.ttf in Resources */ = {isa = PBXBuildFile; fileRef = 4A33CFC19E974B9D977F6EE5 /* Caveat-Bold.ttf */; };
		1EE84D2D530042178296F86B /* money.png in Resources */ = {isa = PBXBuildFile; fileRef = CD0A69B14C924DFBA3D5F50F /* money.png */; };
		290DA3CA30E6430AA336B669 /* Just Note.ttf in Resources */ = {isa = PBXBuildFile; fileRef = 7578A8EA50DA4737A171179B /* Just Note.ttf */; };
		2A2303347D9E4574993F934C /* build.png in Resources */ = {isa = PBXBuildFile; fileRef = 3DE7819CC4D1423D93614DD4 /* build.png */; };
		2B9D320072864CEEB4AEB7E3 /* lemonadeposter.png in Resources */ = {isa = PBXBuildFile; fileRef = 6F5464AD79A84E9FA0D85E57 /* lemonadeposter.png */; };
		303078BBD9C046AA9B68D0A3 /* market.png in Resources */ = {isa = PBXBuildFile; fileRef = 39EAF8C9749442888FF49D44 /* market.png */; };
		3BBD54CAF9EE41F1BCD09B28 /* Cooper Black Italic Pro.ttf in Resources */ = {isa = PBXBuildFile; fileRef = 8E409CC6797C466394CD3BA4 /* Cooper Black Italic Pro.ttf */; };
		406E5DD94D454EEAB89D63DE /* the_stand_app_logo.png in Resources */ = {isa = PBXBuildFile; fileRef = C5150B05CE674C80ABA4E1D6 /* the_stand_app_logo.png */; };
		4143428255634CB2B3412A54 /* chevron_right.svg in Resources */ = {isa = PBXBuildFile; fileRef = 812C1870506948C68309705B /* chevron_right.svg */; };
		4D77DBE7322E4463ADC893CE /* chevron_left.png in Resources */ = {isa = PBXBuildFile; fileRef = E781B0BB7BE44F25B34D3F1D /* chevron_left.png */; };
		533D91D0C7734DD2AB952DE7 /* chevro_left.svg in Resources */ = {isa = PBXBuildFile; fileRef = 06754F242DE14E5F94EA0479 /* chevro_left.svg */; };
		57F30FD9E5474D80AEA8956C /* TchigMono-Medium.ttf in Resources */ = {isa = PBXBuildFile; fileRef = 28252786875743EBB868B0B5 /* TchigMono-Medium.ttf */; };
		69AAF27BEBCD48A18197539C /* home_made_lemonade_1.jpg in Resources */ = {isa = PBXBuildFile; fileRef = 617F1EEE831447EEB91CBEAB /* home_made_lemonade_1.jpg */; };
		6A9B345C790042F1B6D9A47F /* AnonymousPro-Regular.ttf in Resources */ = {isa = PBXBuildFile; fileRef = 39D4A38CFD9E40AAA0B896CC /* AnonymousPro-Regular.ttf */; };
		6CFB6A04DDD545A2989F01ED /* logo_v1.png in Resources */ = {isa = PBXBuildFile; fileRef = 434F59FFD71749ECB6385D6C /* logo_v1.png */; };
		71CF84851286423DA82F5190 /* classic_stand_image.png in Resources */ = {isa = PBXBuildFile; fileRef = 43A7668BDCEF4014B8A2DB05 /* classic_stand_image.png */; };
		7699B88040F8A987B510C191 /* libPods-Lemonade_Standing_App-Lemonade_Standing_AppTests.a in Frameworks */ = {isa = PBXBuildFile; fileRef = 19F6CBCC0A4E27FBF8BF4A61 /* libPods-Lemonade_Standing_App-Lemonade_Standing_AppTests.a */; };
		797074049D124CC9A96461EA /* lemon_cartoon.png in Resources */ = {isa = PBXBuildFile; fileRef = DF7E82DB38694BDBB3099D8F /* lemon_cartoon.png */; };
		7A9CEBD99F74456CA9010E65 /* country_time_pink_lemonade.png in Resources */ = {isa = PBXBuildFile; fileRef = A53AADAC1F4C4D218A4A80D5 /* country_time_pink_lemonade.png */; };
		81AB9BB82411601600AC10FF /* LaunchScreen.storyboard in Resources */ = {isa = PBXBuildFile; fileRef = 81AB9BB72411601600AC10FF /* LaunchScreen.storyboard */; };
		81F4D21CD63B4D90B3571789 /* cardboard_stand_image.png in Resources */ = {isa = PBXBuildFile; fileRef = C56CC605395D41F4BDF8BA63 /* cardboard_stand_image.png */; };
		855E74B57AAC46A7922F184B /* TchigMono-Light.ttf in Resources */ = {isa = PBXBuildFile; fileRef = B38E20822D014E2AA1E04DDF /* TchigMono-Light.ttf */; };
		8D5F86C76736432AADC93B04 /* AnonymousPro-Bold.ttf in Resources */ = {isa = PBXBuildFile; fileRef = 3EAF794C667042CC8BA9998D /* AnonymousPro-Bold.ttf */; };
		93FF2CCBF3294625AD296FE1 /* strawberry_lemonade.png in Resources */ = {isa = PBXBuildFile; fileRef = 921134F5CF9D421A9AD0CB66 /* strawberry_lemonade.png */; };
		9C3FE4C73EA148CC8826DF52 /* recipes.png in Resources */ = {isa = PBXBuildFile; fileRef = FCD59CD5B4E84BC9A65755AA /* recipes.png */; };
		A9F6B7165C2A41DEA44C42B2 /* drink.jpg in Resources */ = {isa = PBXBuildFile; fileRef = 02CA4096A12B4632887E9203 /* drink.jpg */; };
		ADC27D2C2D38E5C500B23854 /* logo_v2.png in Resources */ = {isa = PBXBuildFile; fileRef = ADC27D2B2D38E5C500B23854 /* logo_v2.png */; };
		AF10A3395A8D42CA9C4131EF /* classic_homemade_lemonade.png in Resources */ = {isa = PBXBuildFile; fileRef = D16B795AC3AA4C388C3A885E /* classic_homemade_lemonade.png */; };
		BB30B22E29324938A96A2A52 /* TchigMono-Regular.ttf in Resources */ = {isa = PBXBuildFile; fileRef = 818ACEC52CD349CCB1BBBC70 /* TchigMono-Regular.ttf */; };
		C2AE31BCBA8F4F77B3A41FB9 /* TchigMono-Bold.ttf in Resources */ = {isa = PBXBuildFile; fileRef = 5ECD0C639B74479E8648CFD8 /* TchigMono-Bold.ttf */; };
		CC3C60B21E294F54A081C121 /* home_made_lemonade.jpg in Resources */ = {isa = PBXBuildFile; fileRef = 08DBE9C1F1E84E6DB940004C /* home_made_lemonade.jpg */; };
		E0833D7A5A6B4BA2A09B2903 /* eco_stand_image.png in Resources */ = {isa = PBXBuildFile; fileRef = 72E30152897843AEBC87D38E /* eco_stand_image.png */; };
		E32AD3A2BBC44849BB69348E /* country_time_lemonade.png in Resources */ = {isa = PBXBuildFile; fileRef = 5A70D4B62C2C401D87A5B9B4 /* country_time_lemonade.png */; };
		EB54B924E65DA6D2150E1E32 /* PrivacyInfo.xcprivacy in Resources */ = {isa = PBXBuildFile; fileRef = A91C2DB316E8BC43DD488F82 /* PrivacyInfo.xcprivacy */; };
		EDB89CED308447579447D741 /* rolling_stand_image.png in Resources */ = {isa = PBXBuildFile; fileRef = 9578A98DC67E4FEE801F609E /* rolling_stand_image.png */; };
		F44FEF9A48FC40C586E127CB /* portable_stand_image.png in Resources */ = {isa = PBXBuildFile; fileRef = 4FFFC6CD21534676934A9944 /* portable_stand_image.png */; };
/* End PBXBuildFile section */

/* Begin PBXContainerItemProxy section */
		00E356F41AD99517003FC87E /* PBXContainerItemProxy */ = {
			isa = PBXContainerItemProxy;
			containerPortal = 83CBB9F71A601CBA00E9B192 /* Project object */;
			proxyType = 1;
			remoteGlobalIDString = 13B07F861A680F5B00A75B9A;
			remoteInfo = Lemonade_Standing_App;
		};
/* End PBXContainerItemProxy section */

/* Begin PBXFileReference section */
		00E356EE1AD99517003FC87E /* Lemonade_Standing_AppTests.xctest */ = {isa = PBXFileReference; explicitFileType = wrapper.cfbundle; includeInIndex = 0; path = Lemonade_Standing_AppTests.xctest; sourceTree = BUILT_PRODUCTS_DIR; };
		00E356F11AD99517003FC87E /* Info.plist */ = {isa = PBXFileReference; lastKnownFileType = text.plist.xml; path = Info.plist; sourceTree = "<group>"; };
		00E356F21AD99517003FC87E /* Lemonade_Standing_AppTests.m */ = {isa = PBXFileReference; lastKnownFileType = sourcecode.c.objc; path = Lemonade_Standing_AppTests.m; sourceTree = "<group>"; };
		02CA4096A12B4632887E9203 /* drink.jpg */ = {isa = PBXFileReference; explicitFileType = undefined; fileEncoding = 9; includeInIndex = 0; lastKnownFileType = unknown; name = drink.jpg; path = ../assets/images/drink.jpg; sourceTree = "<group>"; };
		06754F242DE14E5F94EA0479 /* chevro_left.svg */ = {isa = PBXFileReference; explicitFileType = undefined; fileEncoding = 9; includeInIndex = 0; lastKnownFileType = unknown; name = chevro_left.svg; path = ../assets/images/chevro_left.svg; sourceTree = "<group>"; };
		08DBE9C1F1E84E6DB940004C /* home_made_lemonade.jpg */ = {isa = PBXFileReference; explicitFileType = undefined; fileEncoding = 9; includeInIndex = 0; lastKnownFileType = unknown; name = home_made_lemonade.jpg; path = ../assets/images/home_made_lemonade.jpg; sourceTree = "<group>"; };
		0BB8FD11B3C9402F96E5DA69 /* chevron_right.png */ = {isa = PBXFileReference; explicitFileType = undefined; fileEncoding = 9; includeInIndex = 0; lastKnownFileType = unknown; name = chevron_right.png; path = ../assets/images/chevron_right.png; sourceTree = "<group>"; };
		11DF90FFA319463081EF52AC /* heart_ic.png */ = {isa = PBXFileReference; explicitFileType = undefined; fileEncoding = 9; includeInIndex = 0; lastKnownFileType = unknown; name = heart_ic.png; path = ../assets/images/heart_ic.png; sourceTree = "<group>"; };
		13B07F961A680F5B00A75B9A /* Lemonade_Standing_App.app */ = {isa = PBXFileReference; explicitFileType = wrapper.application; includeInIndex = 0; path = Lemonade_Standing_App.app; sourceTree = BUILT_PRODUCTS_DIR; };
		13B07FAF1A68108700A75B9A /* AppDelegate.h */ = {isa = PBXFileReference; fileEncoding = 4; lastKnownFileType = sourcecode.c.h; name = AppDelegate.h; path = Lemonade_Standing_App/AppDelegate.h; sourceTree = "<group>"; };
		13B07FB01A68108700A75B9A /* AppDelegate.mm */ = {isa = PBXFileReference; fileEncoding = 4; lastKnownFileType = sourcecode.cpp.objcpp; name = AppDelegate.mm; path = Lemonade_Standing_App/AppDelegate.mm; sourceTree = "<group>"; };
		13B07FB51A68108700A75B9A /* Images.xcassets */ = {isa = PBXFileReference; lastKnownFileType = folder.assetcatalog; name = Images.xcassets; path = Lemonade_Standing_App/Images.xcassets; sourceTree = "<group>"; };
		13B07FB61A68108700A75B9A /* Info.plist */ = {isa = PBXFileReference; fileEncoding = 4; lastKnownFileType = text.plist.xml; name = Info.plist; path = Lemonade_Standing_App/Info.plist; sourceTree = "<group>"; };
		13B07FB71A68108700A75B9A /* main.m */ = {isa = PBXFileReference; fileEncoding = 4; lastKnownFileType = sourcecode.c.objc; name = main.m; path = Lemonade_Standing_App/main.m; sourceTree = "<group>"; };
		13B07FB81A68108700A75B9A /* PrivacyInfo.xcprivacy */ = {isa = PBXFileReference; fileEncoding = 4; lastKnownFileType = text.plist.xml; name = PrivacyInfo.xcprivacy; path = Lemonade_Standing_App/PrivacyInfo.xcprivacy; sourceTree = "<group>"; };
		19F6CBCC0A4E27FBF8BF4A61 /* libPods-Lemonade_Standing_App-Lemonade_Standing_AppTests.a */ = {isa = PBXFileReference; explicitFileType = archive.ar; includeInIndex = 0; path = "libPods-Lemonade_Standing_App-Lemonade_Standing_AppTests.a"; sourceTree = BUILT_PRODUCTS_DIR; };
		212485CA360B47ADAF689D99 /* background.png */ = {isa = PBXFileReference; explicitFileType = undefined; fileEncoding = 9; includeInIndex = 0; lastKnownFileType = unknown; name = background.png; path = ../assets/images/background.png; sourceTree = "<group>"; };
		28252786875743EBB868B0B5 /* TchigMono-Medium.ttf */ = {isa = PBXFileReference; explicitFileType = undefined; fileEncoding = 9; includeInIndex = 0; lastKnownFileType = unknown; name = "TchigMono-Medium.ttf"; path = "../assets/fonts/TchigMono-Medium.ttf"; sourceTree = "<group>"; };
		39D4A38CFD9E40AAA0B896CC /* AnonymousPro-Regular.ttf */ = {isa = PBXFileReference; explicitFileType = undefined; fileEncoding = 9; includeInIndex = 0; lastKnownFileType = unknown; name = "AnonymousPro-Regular.ttf"; path = "../assets/fonts/AnonymousPro-Regular.ttf"; sourceTree = "<group>"; };
		39EAF8C9749442888FF49D44 /* market.png */ = {isa = PBXFileReference; explicitFileType = undefined; fileEncoding = 9; includeInIndex = 0; lastKnownFileType = unknown; name = market.png; path = ../assets/images/MenuItems/market.png; sourceTree = "<group>"; };
		3B4392A12AC88292D35C810B /* Pods-Lemonade_Standing_App.debug.xcconfig */ = {isa = PBXFileReference; includeInIndex = 1; lastKnownFileType = text.xcconfig; name = "Pods-Lemonade_Standing_App.debug.xcconfig"; path = "Target Support Files/Pods-Lemonade_Standing_App/Pods-Lemonade_Standing_App.debug.xcconfig"; sourceTree = "<group>"; };
		3DE7819CC4D1423D93614DD4 /* build.png */ = {isa = PBXFileReference; explicitFileType = undefined; fileEncoding = 9; includeInIndex = 0; lastKnownFileType = unknown; name = build.png; path = ../assets/images/MenuItems/build.png; sourceTree = "<group>"; };
		3EAF794C667042CC8BA9998D /* AnonymousPro-Bold.ttf */ = {isa = PBXFileReference; explicitFileType = undefined; fileEncoding = 9; includeInIndex = 0; lastKnownFileType = unknown; name = "AnonymousPro-Bold.ttf"; path = "../assets/fonts/AnonymousPro-Bold.ttf"; sourceTree = "<group>"; };
		434F59FFD71749ECB6385D6C /* logo_v1.png */ = {isa = PBXFileReference; explicitFileType = undefined; fileEncoding = 9; includeInIndex = 0; lastKnownFileType = unknown; name = logo_v1.png; path = ../assets/images/logo_v1.png; sourceTree = "<group>"; };
		43A7668BDCEF4014B8A2DB05 /* classic_stand_image.png */ = {isa = PBXFileReference; explicitFileType = undefined; fileEncoding = 9; includeInIndex = 0; lastKnownFileType = unknown; name = classic_stand_image.png; path = ../assets/images/Carts/classic_stand_image.png; sourceTree = "<group>"; };
		4A33CFC19E974B9D977F6EE5 /* Caveat-Bold.ttf */ = {isa = PBXFileReference; explicitFileType = undefined; fileEncoding = 9; includeInIndex = 0; lastKnownFileType = unknown; name = "Caveat-Bold.ttf"; path = "../assets/fonts/Caveat-Bold.ttf"; sourceTree = "<group>"; };
		4FFFC6CD21534676934A9944 /* portable_stand_image.png */ = {isa = PBXFileReference; explicitFileType = undefined; fileEncoding = 9; includeInIndex = 0; lastKnownFileType = unknown; name = portable_stand_image.png; path = ../assets/images/Carts/portable_stand_image.png; sourceTree = "<group>"; };
		5709B34CF0A7D63546082F79 /* Pods-Lemonade_Standing_App.release.xcconfig */ = {isa = PBXFileReference; includeInIndex = 1; lastKnownFileType = text.xcconfig; name = "Pods-Lemonade_Standing_App.release.xcconfig"; path = "Target Support Files/Pods-Lemonade_Standing_App/Pods-Lemonade_Standing_App.release.xcconfig"; sourceTree = "<group>"; };
		5A70D4B62C2C401D87A5B9B4 /* country_time_lemonade.png */ = {isa = PBXFileReference; explicitFileType = undefined; fileEncoding = 9; includeInIndex = 0; lastKnownFileType = unknown; name = country_time_lemonade.png; path = ../assets/images/LemonadeImages/country_time_lemonade.png; sourceTree = "<group>"; };
		5B7EB9410499542E8C5724F5 /* Pods-Lemonade_Standing_App-Lemonade_Standing_AppTests.debug.xcconfig */ = {isa = PBXFileReference; includeInIndex = 1; lastKnownFileType = text.xcconfig; name = "Pods-Lemonade_Standing_App-Lemonade_Standing_AppTests.debug.xcconfig"; path = "Target Support Files/Pods-Lemonade_Standing_App-Lemonade_Standing_AppTests/Pods-Lemonade_Standing_App-Lemonade_Standing_AppTests.debug.xcconfig"; sourceTree = "<group>"; };
		5DCACB8F33CDC322A6C60F78 /* libPods-Lemonade_Standing_App.a */ = {isa = PBXFileReference; explicitFileType = archive.ar; includeInIndex = 0; path = "libPods-Lemonade_Standing_App.a"; sourceTree = BUILT_PRODUCTS_DIR; };
		5ECD0C639B74479E8648CFD8 /* TchigMono-Bold.ttf */ = {isa = PBXFileReference; explicitFileType = undefined; fileEncoding = 9; includeInIndex = 0; lastKnownFileType = unknown; name = "TchigMono-Bold.ttf"; path = "../assets/fonts/TchigMono-Bold.ttf"; sourceTree = "<group>"; };
		617F1EEE831447EEB91CBEAB /* home_made_lemonade_1.jpg */ = {isa = PBXFileReference; explicitFileType = undefined; fileEncoding = 9; includeInIndex = 0; lastKnownFileType = unknown; name = home_made_lemonade_1.jpg; path = ../assets/images/home_made_lemonade_1.jpg; sourceTree = "<group>"; };
		6D6008023B794FC386F54194 /* tick_circle.png */ = {isa = PBXFileReference; explicitFileType = undefined; fileEncoding = 9; includeInIndex = 0; lastKnownFileType = unknown; name = tick_circle.png; path = ../assets/images/tick_circle.png; sourceTree = "<group>"; };
		6F5464AD79A84E9FA0D85E57 /* lemonadeposter.png */ = {isa = PBXFileReference; explicitFileType = undefined; fileEncoding = 9; includeInIndex = 0; lastKnownFileType = unknown; name = lemonadeposter.png; path = ../assets/images/lemonadeposter.png; sourceTree = "<group>"; };
		72E30152897843AEBC87D38E /* eco_stand_image.png */ = {isa = PBXFileReference; explicitFileType = undefined; fileEncoding = 9; includeInIndex = 0; lastKnownFileType = unknown; name = eco_stand_image.png; path = ../assets/images/Carts/eco_stand_image.png; sourceTree = "<group>"; };
		7578A8EA50DA4737A171179B /* Just Note.ttf */ = {isa = PBXFileReference; explicitFileType = undefined; fileEncoding = 9; includeInIndex = 0; lastKnownFileType = unknown; name = "Just Note.ttf"; path = "../assets/fonts/Just Note.ttf"; sourceTree = "<group>"; };
		7FC3310541A243B9BAC28DB5 /* Caveat.ttf */ = {isa = PBXFileReference; explicitFileType = undefined; fileEncoding = 9; includeInIndex = 0; lastKnownFileType = unknown; name = Caveat.ttf; path = ../assets/fonts/Caveat.ttf; sourceTree = "<group>"; };
		812C1870506948C68309705B /* chevron_right.svg */ = {isa = PBXFileReference; explicitFileType = undefined; fileEncoding = 9; includeInIndex = 0; lastKnownFileType = unknown; name = chevron_right.svg; path = ../assets/images/chevron_right.svg; sourceTree = "<group>"; };
		818ACEC52CD349CCB1BBBC70 /* TchigMono-Regular.ttf */ = {isa = PBXFileReference; explicitFileType = undefined; fileEncoding = 9; includeInIndex = 0; lastKnownFileType = unknown; name = "TchigMono-Regular.ttf"; path = "../assets/fonts/TchigMono-Regular.ttf"; sourceTree = "<group>"; };
		81AB9BB72411601600AC10FF /* LaunchScreen.storyboard */ = {isa = PBXFileReference; fileEncoding = 4; lastKnownFileType = file.storyboard; name = LaunchScreen.storyboard; path = Lemonade_Standing_App/LaunchScreen.storyboard; sourceTree = "<group>"; };
		89C6BE57DB24E9ADA2F236DE /* Pods-Lemonade_Standing_App-Lemonade_Standing_AppTests.release.xcconfig */ = {isa = PBXFileReference; includeInIndex = 1; lastKnownFileType = text.xcconfig; name = "Pods-Lemonade_Standing_App-Lemonade_Standing_AppTests.release.xcconfig"; path = "Target Support Files/Pods-Lemonade_Standing_App-Lemonade_Standing_AppTests/Pods-Lemonade_Standing_App-Lemonade_Standing_AppTests.release.xcconfig"; sourceTree = "<group>"; };
		8E409CC6797C466394CD3BA4 /* Cooper Black Italic Pro.ttf */ = {isa = PBXFileReference; explicitFileType = undefined; fileEncoding = 9; includeInIndex = 0; lastKnownFileType = unknown; name = "Cooper Black Italic Pro.ttf"; path = "../assets/fonts/Cooper Black Italic Pro.ttf"; sourceTree = "<group>"; };
		921134F5CF9D421A9AD0CB66 /* strawberry_lemonade.png */ = {isa = PBXFileReference; explicitFileType = undefined; fileEncoding = 9; includeInIndex = 0; lastKnownFileType = unknown; name = strawberry_lemonade.png; path = ../assets/images/LemonadeImages/strawberry_lemonade.png; sourceTree = "<group>"; };
		9578A98DC67E4FEE801F609E /* rolling_stand_image.png */ = {isa = PBXFileReference; explicitFileType = undefined; fileEncoding = 9; includeInIndex = 0; lastKnownFileType = unknown; name = rolling_stand_image.png; path = ../assets/images/Carts/rolling_stand_image.png; sourceTree = "<group>"; };
		A53AADAC1F4C4D218A4A80D5 /* country_time_pink_lemonade.png */ = {isa = PBXFileReference; explicitFileType = undefined; fileEncoding = 9; includeInIndex = 0; lastKnownFileType = unknown; name = country_time_pink_lemonade.png; path = ../assets/images/LemonadeImages/country_time_pink_lemonade.png; sourceTree = "<group>"; };
		A91C2DB316E8BC43DD488F82 /* PrivacyInfo.xcprivacy */ = {isa = PBXFileReference; includeInIndex = 1; lastKnownFileType = text.xml; name = PrivacyInfo.xcprivacy; path = Lemonade_Standing_App/PrivacyInfo.xcprivacy; sourceTree = "<group>"; };
		ADC27D2B2D38E5C500B23854 /* logo_v2.png */ = {isa = PBXFileReference; lastKnownFileType = image.png; path = logo_v2.png; sourceTree = "<group>"; };
		B13C07E0E8854A1088DD0F15 /* mint_lemonade.png */ = {isa = PBXFileReference; explicitFileType = undefined; fileEncoding = 9; includeInIndex = 0; lastKnownFileType = unknown; name = mint_lemonade.png; path = ../assets/images/LemonadeImages/mint_lemonade.png; sourceTree = "<group>"; };
		B38E20822D014E2AA1E04DDF /* TchigMono-Light.ttf */ = {isa = PBXFileReference; explicitFileType = undefined; fileEncoding = 9; includeInIndex = 0; lastKnownFileType = unknown; name = "TchigMono-Light.ttf"; path = "../assets/fonts/TchigMono-Light.ttf"; sourceTree = "<group>"; };
		BB9BE392E2E24A249C6D4064 /* heart_ic_liked.png */ = {isa = PBXFileReference; explicitFileType = undefined; fileEncoding = 9; includeInIndex = 0; lastKnownFileType = unknown; name = heart_ic_liked.png; path = ../assets/images/heart_ic_liked.png; sourceTree = "<group>"; };
		C5150B05CE674C80ABA4E1D6 /* the_stand_app_logo.png */ = {isa = PBXFileReference; explicitFileType = undefined; fileEncoding = 9; includeInIndex = 0; lastKnownFileType = unknown; name = the_stand_app_logo.png; path = ../assets/images/the_stand_app_logo.png; sourceTree = "<group>"; };
		C56CC605395D41F4BDF8BA63 /* cardboard_stand_image.png */ = {isa = PBXFileReference; explicitFileType = undefined; fileEncoding = 9; includeInIndex = 0; lastKnownFileType = unknown; name = cardboard_stand_image.png; path = ../assets/images/Carts/cardboard_stand_image.png; sourceTree = "<group>"; };
		CD0A69B14C924DFBA3D5F50F /* money.png */ = {isa = PBXFileReference; explicitFileType = undefined; fileEncoding = 9; includeInIndex = 0; lastKnownFileType = unknown; name = money.png; path = ../assets/images/MenuItems/money.png; sourceTree = "<group>"; };
		D16B795AC3AA4C388C3A885E /* classic_homemade_lemonade.png */ = {isa = PBXFileReference; explicitFileType = undefined; fileEncoding = 9; includeInIndex = 0; lastKnownFileType = unknown; name = classic_homemade_lemonade.png; path = ../assets/images/LemonadeImages/classic_homemade_lemonade.png; sourceTree = "<group>"; };
		DF7E82DB38694BDBB3099D8F /* lemon_cartoon.png */ = {isa = PBXFileReference; explicitFileType = undefined; fileEncoding = 9; includeInIndex = 0; lastKnownFileType = unknown; name = lemon_cartoon.png; path = ../assets/images/lemon_cartoon.png; sourceTree = "<group>"; };
		E5D4BC17F7314F0B861B1F1D /* location.png */ = {isa = PBXFileReference; explicitFileType = undefined; fileEncoding = 9; includeInIndex = 0; lastKnownFileType = unknown; name = location.png; path = ../assets/images/location.png; sourceTree = "<group>"; };
		E781B0BB7BE44F25B34D3F1D /* chevron_left.png */ = {isa = PBXFileReference; explicitFileType = undefined; fileEncoding = 9; includeInIndex = 0; lastKnownFileType = unknown; name = chevron_left.png; path = ../assets/images/chevron_left.png; sourceTree = "<group>"; };
		ED297162215061F000B7C4FE /* JavaScriptCore.framework */ = {isa = PBXFileReference; lastKnownFileType = wrapper.framework; name = JavaScriptCore.framework; path = System/Library/Frameworks/JavaScriptCore.framework; sourceTree = SDKROOT; };
		FCD59CD5B4E84BC9A65755AA /* recipes.png */ = {isa = PBXFileReference; explicitFileType = undefined; fileEncoding = 9; includeInIndex = 0; lastKnownFileType = unknown; name = recipes.png; path = ../assets/images/MenuItems/recipes.png; sourceTree = "<group>"; };
/* End PBXFileReference section */

/* Begin PBXFrameworksBuildPhase section */
		00E356EB1AD99517003FC87E /* Frameworks */ = {
			isa = PBXFrameworksBuildPhase;
			buildActionMask = 2147483647;
			files = (
				7699B88040F8A987B510C191 /* libPods-Lemonade_Standing_App-Lemonade_Standing_AppTests.a in Frameworks */,
			);
			runOnlyForDeploymentPostprocessing = 0;
		};
		13B07F8C1A680F5B00A75B9A /* Frameworks */ = {
			isa = PBXFrameworksBuildPhase;
			buildActionMask = 2147483647;
			files = (
				0C80B921A6F3F58F76C31292 /* libPods-Lemonade_Standing_App.a in Frameworks */,
			);
			runOnlyForDeploymentPostprocessing = 0;
		};
/* End PBXFrameworksBuildPhase section */

/* Begin PBXGroup section */
		00E356EF1AD99517003FC87E /* Lemonade_Standing_AppTests */ = {
			isa = PBXGroup;
			children = (
				00E356F21AD99517003FC87E /* Lemonade_Standing_AppTests.m */,
				00E356F01AD99517003FC87E /* Supporting Files */,
			);
			path = Lemonade_Standing_AppTests;
			sourceTree = "<group>";
		};
		00E356F01AD99517003FC87E /* Supporting Files */ = {
			isa = PBXGroup;
			children = (
				00E356F11AD99517003FC87E /* Info.plist */,
			);
			name = "Supporting Files";
			sourceTree = "<group>";
		};
		13B07FAE1A68108700A75B9A /* Lemonade_Standing_App */ = {
			isa = PBXGroup;
			children = (
				13B07FAF1A68108700A75B9A /* AppDelegate.h */,
				13B07FB01A68108700A75B9A /* AppDelegate.mm */,
				13B07FB51A68108700A75B9A /* Images.xcassets */,
				13B07FB61A68108700A75B9A /* Info.plist */,
				81AB9BB72411601600AC10FF /* LaunchScreen.storyboard */,
				13B07FB71A68108700A75B9A /* main.m */,
				13B07FB81A68108700A75B9A /* PrivacyInfo.xcprivacy */,
				A91C2DB316E8BC43DD488F82 /* PrivacyInfo.xcprivacy */,
			);
			name = Lemonade_Standing_App;
			sourceTree = "<group>";
		};
		2D16E6871FA4F8E400B85C8A /* Frameworks */ = {
			isa = PBXGroup;
			children = (
				ED297162215061F000B7C4FE /* JavaScriptCore.framework */,
				5DCACB8F33CDC322A6C60F78 /* libPods-Lemonade_Standing_App.a */,
				19F6CBCC0A4E27FBF8BF4A61 /* libPods-Lemonade_Standing_App-Lemonade_Standing_AppTests.a */,
			);
			name = Frameworks;
			sourceTree = "<group>";
		};
		832341AE1AAA6A7D00B99B32 /* Libraries */ = {
			isa = PBXGroup;
			children = (
			);
			name = Libraries;
			sourceTree = "<group>";
		};
		83CBB9F61A601CBA00E9B192 = {
			isa = PBXGroup;
			children = (
				13B07FAE1A68108700A75B9A /* Lemonade_Standing_App */,
				832341AE1AAA6A7D00B99B32 /* Libraries */,
				00E356EF1AD99517003FC87E /* Lemonade_Standing_AppTests */,
				83CBBA001A601CBA00E9B192 /* Products */,
				2D16E6871FA4F8E400B85C8A /* Frameworks */,
				BBD78D7AC51CEA395F1C20DB /* Pods */,
				9A3EC040FAFF4540B4438D21 /* Resources */,
			);
			indentWidth = 2;
			sourceTree = "<group>";
			tabWidth = 2;
			usesTabs = 0;
		};
		83CBBA001A601CBA00E9B192 /* Products */ = {
			isa = PBXGroup;
			children = (
				13B07F961A680F5B00A75B9A /* Lemonade_Standing_App.app */,
				00E356EE1AD99517003FC87E /* Lemonade_Standing_AppTests.xctest */,
			);
			name = Products;
			sourceTree = "<group>";
		};
		9A3EC040FAFF4540B4438D21 /* Resources */ = {
			isa = PBXGroup;
			children = (
				7578A8EA50DA4737A171179B /* Just Note.ttf */,
				02CA4096A12B4632887E9203 /* drink.jpg */,
				08DBE9C1F1E84E6DB940004C /* home_made_lemonade.jpg */,
				617F1EEE831447EEB91CBEAB /* home_made_lemonade_1.jpg */,
				5ECD0C639B74479E8648CFD8 /* TchigMono-Bold.ttf */,
				B38E20822D014E2AA1E04DDF /* TchigMono-Light.ttf */,
				28252786875743EBB868B0B5 /* TchigMono-Medium.ttf */,
				818ACEC52CD349CCB1BBBC70 /* TchigMono-Regular.ttf */,
				8E409CC6797C466394CD3BA4 /* Cooper Black Italic Pro.ttf */,
				7FC3310541A243B9BAC28DB5 /* Caveat.ttf */,
				C56CC605395D41F4BDF8BA63 /* cardboard_stand_image.png */,
				43A7668BDCEF4014B8A2DB05 /* classic_stand_image.png */,
				72E30152897843AEBC87D38E /* eco_stand_image.png */,
				4FFFC6CD21534676934A9944 /* portable_stand_image.png */,
				9578A98DC67E4FEE801F609E /* rolling_stand_image.png */,
				D16B795AC3AA4C388C3A885E /* classic_homemade_lemonade.png */,
				5A70D4B62C2C401D87A5B9B4 /* country_time_lemonade.png */,
				A53AADAC1F4C4D218A4A80D5 /* country_time_pink_lemonade.png */,
				B13C07E0E8854A1088DD0F15 /* mint_lemonade.png */,
				ADC27D2B2D38E5C500B23854 /* logo_v2.png */,
				921134F5CF9D421A9AD0CB66 /* strawberry_lemonade.png */,
				6F5464AD79A84E9FA0D85E57 /* lemonadeposter.png */,
				06754F242DE14E5F94EA0479 /* chevro_left.svg */,
				E781B0BB7BE44F25B34D3F1D /* chevron_left.png */,
				0BB8FD11B3C9402F96E5DA69 /* chevron_right.png */,
				812C1870506948C68309705B /* chevron_right.svg */,
				6D6008023B794FC386F54194 /* tick_circle.png */,
				3DE7819CC4D1423D93614DD4 /* build.png */,
				39EAF8C9749442888FF49D44 /* market.png */,
				CD0A69B14C924DFBA3D5F50F /* money.png */,
				FCD59CD5B4E84BC9A65755AA /* recipes.png */,
				3EAF794C667042CC8BA9998D /* AnonymousPro-Bold.ttf */,
				39D4A38CFD9E40AAA0B896CC /* AnonymousPro-Regular.ttf */,
				4A33CFC19E974B9D977F6EE5 /* Caveat-Bold.ttf */,
				212485CA360B47ADAF689D99 /* background.png */,
				434F59FFD71749ECB6385D6C /* logo_v1.png */,
				C5150B05CE674C80ABA4E1D6 /* the_stand_app_logo.png */,
				DF7E82DB38694BDBB3099D8F /* lemon_cartoon.png */,
				11DF90FFA319463081EF52AC /* heart_ic.png */,
				BB9BE392E2E24A249C6D4064 /* heart_ic_liked.png */,
				E5D4BC17F7314F0B861B1F1D /* location.png */,
			);
			name = Resources;
			sourceTree = "<group>";
		};
		BBD78D7AC51CEA395F1C20DB /* Pods */ = {
			isa = PBXGroup;
			children = (
				3B4392A12AC88292D35C810B /* Pods-Lemonade_Standing_App.debug.xcconfig */,
				5709B34CF0A7D63546082F79 /* Pods-Lemonade_Standing_App.release.xcconfig */,
				5B7EB9410499542E8C5724F5 /* Pods-Lemonade_Standing_App-Lemonade_Standing_AppTests.debug.xcconfig */,
				89C6BE57DB24E9ADA2F236DE /* Pods-Lemonade_Standing_App-Lemonade_Standing_AppTests.release.xcconfig */,
			);
			path = Pods;
			sourceTree = "<group>";
		};
/* End PBXGroup section */

/* Begin PBXNativeTarget section */
		00E356ED1AD99517003FC87E /* Lemonade_Standing_AppTests */ = {
			isa = PBXNativeTarget;
			buildConfigurationList = 00E357021AD99517003FC87E /* Build configuration list for PBXNativeTarget "Lemonade_Standing_AppTests" */;
			buildPhases = (
				A55EABD7B0C7F3A422A6CC61 /* [CP] Check Pods Manifest.lock */,
				00E356EA1AD99517003FC87E /* Sources */,
				00E356EB1AD99517003FC87E /* Frameworks */,
				00E356EC1AD99517003FC87E /* Resources */,
				C59DA0FBD6956966B86A3779 /* [CP] Embed Pods Frameworks */,
				F6A41C54EA430FDDC6A6ED99 /* [CP] Copy Pods Resources */,
			);
			buildRules = (
			);
			dependencies = (
				00E356F51AD99517003FC87E /* PBXTargetDependency */,
			);
			name = Lemonade_Standing_AppTests;
			productName = Lemonade_Standing_AppTests;
			productReference = 00E356EE1AD99517003FC87E /* Lemonade_Standing_AppTests.xctest */;
			productType = "com.apple.product-type.bundle.unit-test";
		};
		13B07F861A680F5B00A75B9A /* Lemonade_Standing_App */ = {
			isa = PBXNativeTarget;
			buildConfigurationList = 13B07F931A680F5B00A75B9A /* Build configuration list for PBXNativeTarget "Lemonade_Standing_App" */;
			buildPhases = (
				C38B50BA6285516D6DCD4F65 /* [CP] Check Pods Manifest.lock */,
				13B07F871A680F5B00A75B9A /* Sources */,
				13B07F8C1A680F5B00A75B9A /* Frameworks */,
				13B07F8E1A680F5B00A75B9A /* Resources */,
				00DD1BFF1BD5951E006B06BC /* Bundle React Native code and images */,
				00EEFC60759A1932668264C0 /* [CP] Embed Pods Frameworks */,
				E235C05ADACE081382539298 /* [CP] Copy Pods Resources */,
			);
			buildRules = (
			);
			dependencies = (
			);
			name = Lemonade_Standing_App;
			productName = Lemonade_Standing_App;
			productReference = 13B07F961A680F5B00A75B9A /* Lemonade_Standing_App.app */;
			productType = "com.apple.product-type.application";
		};
/* End PBXNativeTarget section */

/* Begin PBXProject section */
		83CBB9F71A601CBA00E9B192 /* Project object */ = {
			isa = PBXProject;
			attributes = {
				LastUpgradeCheck = 1210;
				TargetAttributes = {
					00E356ED1AD99517003FC87E = {
						CreatedOnToolsVersion = 6.2;
						TestTargetID = 13B07F861A680F5B00A75B9A;
					};
					13B07F861A680F5B00A75B9A = {
						LastSwiftMigration = 1120;
					};
				};
			};
			buildConfigurationList = 83CBB9FA1A601CBA00E9B192 /* Build configuration list for PBXProject "Lemonade_Standing_App" */;
			compatibilityVersion = "Xcode 12.0";
			developmentRegion = en;
			hasScannedForEncodings = 0;
			knownRegions = (
				en,
				Base,
			);
			mainGroup = 83CBB9F61A601CBA00E9B192;
			productRefGroup = 83CBBA001A601CBA00E9B192 /* Products */;
			projectDirPath = "";
			projectRoot = "";
			targets = (
				13B07F861A680F5B00A75B9A /* Lemonade_Standing_App */,
				00E356ED1AD99517003FC87E /* Lemonade_Standing_AppTests */,
			);
		};
/* End PBXProject section */

/* Begin PBXResourcesBuildPhase section */
		00E356EC1AD99517003FC87E /* Resources */ = {
			isa = PBXResourcesBuildPhase;
			buildActionMask = 2147483647;
			files = (
			);
			runOnlyForDeploymentPostprocessing = 0;
		};
		13B07F8E1A680F5B00A75B9A /* Resources */ = {
			isa = PBXResourcesBuildPhase;
			buildActionMask = 2147483647;
			files = (
				81AB9BB82411601600AC10FF /* LaunchScreen.storyboard in Resources */,
				13B07FBF1A68108700A75B9A /* Images.xcassets in Resources */,
				EB54B924E65DA6D2150E1E32 /* PrivacyInfo.xcprivacy in Resources */,
				290DA3CA30E6430AA336B669 /* Just Note.ttf in Resources */,
				A9F6B7165C2A41DEA44C42B2 /* drink.jpg in Resources */,
				CC3C60B21E294F54A081C121 /* home_made_lemonade.jpg in Resources */,
				69AAF27BEBCD48A18197539C /* home_made_lemonade_1.jpg in Resources */,
				C2AE31BCBA8F4F77B3A41FB9 /* TchigMono-Bold.ttf in Resources */,
				855E74B57AAC46A7922F184B /* TchigMono-Light.ttf in Resources */,
				57F30FD9E5474D80AEA8956C /* TchigMono-Medium.ttf in Resources */,
				BB30B22E29324938A96A2A52 /* TchigMono-Regular.ttf in Resources */,
				3BBD54CAF9EE41F1BCD09B28 /* Cooper Black Italic Pro.ttf in Resources */,
				0A3F17A90354480EBD5AA0BA /* Caveat.ttf in Resources */,
				81F4D21CD63B4D90B3571789 /* cardboard_stand_image.png in Resources */,
				71CF84851286423DA82F5190 /* classic_stand_image.png in Resources */,
				E0833D7A5A6B4BA2A09B2903 /* eco_stand_image.png in Resources */,
				F44FEF9A48FC40C586E127CB /* portable_stand_image.png in Resources */,
				EDB89CED308447579447D741 /* rolling_stand_image.png in Resources */,
				AF10A3395A8D42CA9C4131EF /* classic_homemade_lemonade.png in Resources */,
				E32AD3A2BBC44849BB69348E /* country_time_lemonade.png in Resources */,
				7A9CEBD99F74456CA9010E65 /* country_time_pink_lemonade.png in Resources */,
				154B420C544343A3A241752A /* mint_lemonade.png in Resources */,
				93FF2CCBF3294625AD296FE1 /* strawberry_lemonade.png in Resources */,
				2B9D320072864CEEB4AEB7E3 /* lemonadeposter.png in Resources */,
				533D91D0C7734DD2AB952DE7 /* chevro_left.svg in Resources */,
				4D77DBE7322E4463ADC893CE /* chevron_left.png in Resources */,
				098124C3738849129ADA5CC2 /* chevron_right.png in Resources */,
				4143428255634CB2B3412A54 /* chevron_right.svg in Resources */,
				08A1D664DE9C4FAF99EA383C /* tick_circle.png in Resources */,
				2A2303347D9E4574993F934C /* build.png in Resources */,
				ADC27D2C2D38E5C500B23854 /* logo_v2.png in Resources */,
				303078BBD9C046AA9B68D0A3 /* market.png in Resources */,
				1EE84D2D530042178296F86B /* money.png in Resources */,
				9C3FE4C73EA148CC8826DF52 /* recipes.png in Resources */,
				8D5F86C76736432AADC93B04 /* AnonymousPro-Bold.ttf in Resources */,
				6A9B345C790042F1B6D9A47F /* AnonymousPro-Regular.ttf in Resources */,
				19E132B6905D4325AFA44436 /* Caveat-Bold.ttf in Resources */,
				0D86CFD388EC4910A6AB6FFF /* background.png in Resources */,
				6CFB6A04DDD545A2989F01ED /* logo_v1.png in Resources */,
				406E5DD94D454EEAB89D63DE /* the_stand_app_logo.png in Resources */,
				797074049D124CC9A96461EA /* lemon_cartoon.png in Resources */,
				1304A30E5E5844F194C81030 /* heart_ic.png in Resources */,
				018204A76918498CA7EBCD36 /* heart_ic_liked.png in Resources */,
				0BFD22F4740545D7A12B3C6A /* location.png in Resources */,
			);
			runOnlyForDeploymentPostprocessing = 0;
		};
/* End PBXResourcesBuildPhase section */

/* Begin PBXShellScriptBuildPhase section */
		00DD1BFF1BD5951E006B06BC /* Bundle React Native code and images */ = {
			isa = PBXShellScriptBuildPhase;
			buildActionMask = 2147483647;
			files = (
			);
			inputPaths = (
				"$(SRCROOT)/.xcode.env.local",
				"$(SRCROOT)/.xcode.env",
			);
			name = "Bundle React Native code and images";
			outputPaths = (
			);
			runOnlyForDeploymentPostprocessing = 0;
			shellPath = /bin/sh;
			shellScript = "set -e\n\nWITH_ENVIRONMENT=\"$REACT_NATIVE_PATH/scripts/xcode/with-environment.sh\"\nREACT_NATIVE_XCODE=\"$REACT_NATIVE_PATH/scripts/react-native-xcode.sh\"\n\n/bin/sh -c \"$WITH_ENVIRONMENT $REACT_NATIVE_XCODE\"\n";
		};
		00EEFC60759A1932668264C0 /* [CP] Embed Pods Frameworks */ = {
			isa = PBXShellScriptBuildPhase;
			buildActionMask = 2147483647;
			files = (
			);
			inputFileListPaths = (
				"${PODS_ROOT}/Target Support Files/Pods-Lemonade_Standing_App/Pods-Lemonade_Standing_App-frameworks-${CONFIGURATION}-input-files.xcfilelist",
			);
			name = "[CP] Embed Pods Frameworks";
			outputFileListPaths = (
				"${PODS_ROOT}/Target Support Files/Pods-Lemonade_Standing_App/Pods-Lemonade_Standing_App-frameworks-${CONFIGURATION}-output-files.xcfilelist",
			);
			runOnlyForDeploymentPostprocessing = 0;
			shellPath = /bin/sh;
			shellScript = "\"${PODS_ROOT}/Target Support Files/Pods-Lemonade_Standing_App/Pods-Lemonade_Standing_App-frameworks.sh\"\n";
			showEnvVarsInLog = 0;
		};
		A55EABD7B0C7F3A422A6CC61 /* [CP] Check Pods Manifest.lock */ = {
			isa = PBXShellScriptBuildPhase;
			buildActionMask = 2147483647;
			files = (
			);
			inputFileListPaths = (
			);
			inputPaths = (
				"${PODS_PODFILE_DIR_PATH}/Podfile.lock",
				"${PODS_ROOT}/Manifest.lock",
			);
			name = "[CP] Check Pods Manifest.lock";
			outputFileListPaths = (
			);
			outputPaths = (
				"$(DERIVED_FILE_DIR)/Pods-Lemonade_Standing_App-Lemonade_Standing_AppTests-checkManifestLockResult.txt",
			);
			runOnlyForDeploymentPostprocessing = 0;
			shellPath = /bin/sh;
			shellScript = "diff \"${PODS_PODFILE_DIR_PATH}/Podfile.lock\" \"${PODS_ROOT}/Manifest.lock\" > /dev/null\nif [ $? != 0 ] ; then\n    # print error to STDERR\n    echo \"error: The sandbox is not in sync with the Podfile.lock. Run 'pod install' or update your CocoaPods installation.\" >&2\n    exit 1\nfi\n# This output is used by Xcode 'outputs' to avoid re-running this script phase.\necho \"SUCCESS\" > \"${SCRIPT_OUTPUT_FILE_0}\"\n";
			showEnvVarsInLog = 0;
		};
		C38B50BA6285516D6DCD4F65 /* [CP] Check Pods Manifest.lock */ = {
			isa = PBXShellScriptBuildPhase;
			buildActionMask = 2147483647;
			files = (
			);
			inputFileListPaths = (
			);
			inputPaths = (
				"${PODS_PODFILE_DIR_PATH}/Podfile.lock",
				"${PODS_ROOT}/Manifest.lock",
			);
			name = "[CP] Check Pods Manifest.lock";
			outputFileListPaths = (
			);
			outputPaths = (
				"$(DERIVED_FILE_DIR)/Pods-Lemonade_Standing_App-checkManifestLockResult.txt",
			);
			runOnlyForDeploymentPostprocessing = 0;
			shellPath = /bin/sh;
			shellScript = "diff \"${PODS_PODFILE_DIR_PATH}/Podfile.lock\" \"${PODS_ROOT}/Manifest.lock\" > /dev/null\nif [ $? != 0 ] ; then\n    # print error to STDERR\n    echo \"error: The sandbox is not in sync with the Podfile.lock. Run 'pod install' or update your CocoaPods installation.\" >&2\n    exit 1\nfi\n# This output is used by Xcode 'outputs' to avoid re-running this script phase.\necho \"SUCCESS\" > \"${SCRIPT_OUTPUT_FILE_0}\"\n";
			showEnvVarsInLog = 0;
		};
		C59DA0FBD6956966B86A3779 /* [CP] Embed Pods Frameworks */ = {
			isa = PBXShellScriptBuildPhase;
			buildActionMask = 2147483647;
			files = (
			);
			inputFileListPaths = (
				"${PODS_ROOT}/Target Support Files/Pods-Lemonade_Standing_App-Lemonade_Standing_AppTests/Pods-Lemonade_Standing_App-Lemonade_Standing_AppTests-frameworks-${CONFIGURATION}-input-files.xcfilelist",
			);
			name = "[CP] Embed Pods Frameworks";
			outputFileListPaths = (
				"${PODS_ROOT}/Target Support Files/Pods-Lemonade_Standing_App-Lemonade_Standing_AppTests/Pods-Lemonade_Standing_App-Lemonade_Standing_AppTests-frameworks-${CONFIGURATION}-output-files.xcfilelist",
			);
			runOnlyForDeploymentPostprocessing = 0;
			shellPath = /bin/sh;
			shellScript = "\"${PODS_ROOT}/Target Support Files/Pods-Lemonade_Standing_App-Lemonade_Standing_AppTests/Pods-Lemonade_Standing_App-Lemonade_Standing_AppTests-frameworks.sh\"\n";
			showEnvVarsInLog = 0;
		};
		E235C05ADACE081382539298 /* [CP] Copy Pods Resources */ = {
			isa = PBXShellScriptBuildPhase;
			buildActionMask = 2147483647;
			files = (
			);
			inputFileListPaths = (
				"${PODS_ROOT}/Target Support Files/Pods-Lemonade_Standing_App/Pods-Lemonade_Standing_App-resources-${CONFIGURATION}-input-files.xcfilelist",
			);
			name = "[CP] Copy Pods Resources";
			outputFileListPaths = (
				"${PODS_ROOT}/Target Support Files/Pods-Lemonade_Standing_App/Pods-Lemonade_Standing_App-resources-${CONFIGURATION}-output-files.xcfilelist",
			);
			runOnlyForDeploymentPostprocessing = 0;
			shellPath = /bin/sh;
			shellScript = "\"${PODS_ROOT}/Target Support Files/Pods-Lemonade_Standing_App/Pods-Lemonade_Standing_App-resources.sh\"\n";
			showEnvVarsInLog = 0;
		};
		F6A41C54EA430FDDC6A6ED99 /* [CP] Copy Pods Resources */ = {
			isa = PBXShellScriptBuildPhase;
			buildActionMask = 2147483647;
			files = (
			);
			inputFileListPaths = (
				"${PODS_ROOT}/Target Support Files/Pods-Lemonade_Standing_App-Lemonade_Standing_AppTests/Pods-Lemonade_Standing_App-Lemonade_Standing_AppTests-resources-${CONFIGURATION}-input-files.xcfilelist",
			);
			name = "[CP] Copy Pods Resources";
			outputFileListPaths = (
				"${PODS_ROOT}/Target Support Files/Pods-Lemonade_Standing_App-Lemonade_Standing_AppTests/Pods-Lemonade_Standing_App-Lemonade_Standing_AppTests-resources-${CONFIGURATION}-output-files.xcfilelist",
			);
			runOnlyForDeploymentPostprocessing = 0;
			shellPath = /bin/sh;
			shellScript = "\"${PODS_ROOT}/Target Support Files/Pods-Lemonade_Standing_App-Lemonade_Standing_AppTests/Pods-Lemonade_Standing_App-Lemonade_Standing_AppTests-resources.sh\"\n";
			showEnvVarsInLog = 0;
		};
/* End PBXShellScriptBuildPhase section */

/* Begin PBXSourcesBuildPhase section */
		00E356EA1AD99517003FC87E /* Sources */ = {
			isa = PBXSourcesBuildPhase;
			buildActionMask = 2147483647;
			files = (
				00E356F31AD99517003FC87E /* Lemonade_Standing_AppTests.m in Sources */,
			);
			runOnlyForDeploymentPostprocessing = 0;
		};
		13B07F871A680F5B00A75B9A /* Sources */ = {
			isa = PBXSourcesBuildPhase;
			buildActionMask = 2147483647;
			files = (
				13B07FBC1A68108700A75B9A /* AppDelegate.mm in Sources */,
				13B07FC11A68108700A75B9A /* main.m in Sources */,
			);
			runOnlyForDeploymentPostprocessing = 0;
		};
/* End PBXSourcesBuildPhase section */

/* Begin PBXTargetDependency section */
		00E356F51AD99517003FC87E /* PBXTargetDependency */ = {
			isa = PBXTargetDependency;
			target = 13B07F861A680F5B00A75B9A /* Lemonade_Standing_App */;
			targetProxy = 00E356F41AD99517003FC87E /* PBXContainerItemProxy */;
		};
/* End PBXTargetDependency section */

/* Begin XCBuildConfiguration section */
		00E356F61AD99517003FC87E /* Debug */ = {
			isa = XCBuildConfiguration;
			baseConfigurationReference = 5B7EB9410499542E8C5724F5 /* Pods-Lemonade_Standing_App-Lemonade_Standing_AppTests.debug.xcconfig */;
			buildSettings = {
				BUNDLE_LOADER = "$(TEST_HOST)";
				GCC_PREPROCESSOR_DEFINITIONS = (
					"DEBUG=1",
					"$(inherited)",
				);
				INFOPLIST_FILE = Lemonade_Standing_AppTests/Info.plist;
				IPHONEOS_DEPLOYMENT_TARGET = 13.4;
				LD_RUNPATH_SEARCH_PATHS = (
					"$(inherited)",
					"@executable_path/Frameworks",
					"@loader_path/Frameworks",
				);
				OTHER_LDFLAGS = (
					"-ObjC",
					"-lc++",
					"$(inherited)",
				);
				PRODUCT_BUNDLE_IDENTIFIER = "org.reactjs.native.example.$(PRODUCT_NAME:rfc1034identifier)";
				PRODUCT_NAME = "$(TARGET_NAME)";
				SUPPORTED_PLATFORMS = "iphoneos iphonesimulator";
				SUPPORTS_MACCATALYST = NO;
				SUPPORTS_MAC_DESIGNED_FOR_IPHONE_IPAD = NO;
				SUPPORTS_XR_DESIGNED_FOR_IPHONE_IPAD = NO;
				TARGETED_DEVICE_FAMILY = 1;
				TEST_HOST = "$(BUILT_PRODUCTS_DIR)/Lemonade_Standing_App.app/Lemonade_Standing_App";
			};
			name = Debug;
		};
		00E356F71AD99517003FC87E /* Release */ = {
			isa = XCBuildConfiguration;
			baseConfigurationReference = 89C6BE57DB24E9ADA2F236DE /* Pods-Lemonade_Standing_App-Lemonade_Standing_AppTests.release.xcconfig */;
			buildSettings = {
				BUNDLE_LOADER = "$(TEST_HOST)";
				COPY_PHASE_STRIP = NO;
				INFOPLIST_FILE = Lemonade_Standing_AppTests/Info.plist;
				IPHONEOS_DEPLOYMENT_TARGET = 13.4;
				LD_RUNPATH_SEARCH_PATHS = (
					"$(inherited)",
					"@executable_path/Frameworks",
					"@loader_path/Frameworks",
				);
				OTHER_LDFLAGS = (
					"-ObjC",
					"-lc++",
					"$(inherited)",
				);
				PRODUCT_BUNDLE_IDENTIFIER = "org.reactjs.native.example.$(PRODUCT_NAME:rfc1034identifier)";
				PRODUCT_NAME = "$(TARGET_NAME)";
				SUPPORTED_PLATFORMS = "iphoneos iphonesimulator";
				SUPPORTS_MACCATALYST = NO;
				SUPPORTS_MAC_DESIGNED_FOR_IPHONE_IPAD = NO;
				SUPPORTS_XR_DESIGNED_FOR_IPHONE_IPAD = NO;
				TARGETED_DEVICE_FAMILY = 1;
				TEST_HOST = "$(BUILT_PRODUCTS_DIR)/Lemonade_Standing_App.app/Lemonade_Standing_App";
			};
			name = Release;
		};
		13B07F941A680F5B00A75B9A /* Debug */ = {
			isa = XCBuildConfiguration;
			baseConfigurationReference = 3B4392A12AC88292D35C810B /* Pods-Lemonade_Standing_App.debug.xcconfig */;
			buildSettings = {
				ASSETCATALOG_COMPILER_APPICON_NAME = AppIcon;
				CLANG_ENABLE_MODULES = YES;
				CURRENT_PROJECT_VERSION = 1;
				DEVELOPMENT_TEAM = 6X37JEX924;
				ENABLE_BITCODE = NO;
				INFOPLIST_FILE = Lemonade_Standing_App/Info.plist;
				INFOPLIST_KEY_CFBundleDisplayName = "Stand Ap";
				IPHONEOS_DEPLOYMENT_TARGET = 15.6;
				LD_RUNPATH_SEARCH_PATHS = (
					"$(inherited)",
					"@executable_path/Frameworks",
				);
				MARKETING_VERSION = 1.0;
				OTHER_LDFLAGS = (
					"$(inherited)",
					"-ObjC",
					"-lc++",
				);
				PRODUCT_BUNDLE_IDENTIFIER = com.lemonadeStandApp.com;
				PRODUCT_NAME = Lemonade_Standing_App;
				SUPPORTED_PLATFORMS = "iphoneos iphonesimulator";
				SUPPORTS_MACCATALYST = NO;
				SUPPORTS_MAC_DESIGNED_FOR_IPHONE_IPAD = NO;
				SUPPORTS_XR_DESIGNED_FOR_IPHONE_IPAD = NO;
				SWIFT_OPTIMIZATION_LEVEL = "-Onone";
				SWIFT_VERSION = 5.0;
				TARGETED_DEVICE_FAMILY = 1;
				VERSIONING_SYSTEM = "apple-generic";
			};
			name = Debug;
		};
		13B07F951A680F5B00A75B9A /* Release */ = {
			isa = XCBuildConfiguration;
			baseConfigurationReference = 5709B34CF0A7D63546082F79 /* Pods-Lemonade_Standing_App.release.xcconfig */;
			buildSettings = {
				ASSETCATALOG_COMPILER_APPICON_NAME = AppIcon;
				CLANG_ENABLE_MODULES = YES;
				CURRENT_PROJECT_VERSION = 1;
				DEVELOPMENT_TEAM = 6X37JEX924;
				INFOPLIST_FILE = Lemonade_Standing_App/Info.plist;
				INFOPLIST_KEY_CFBundleDisplayName = "Stand Ap";
				IPHONEOS_DEPLOYMENT_TARGET = 15.6;
				LD_RUNPATH_SEARCH_PATHS = (
					"$(inherited)",
					"@executable_path/Frameworks",
				);
				MARKETING_VERSION = 1.0;
				OTHER_LDFLAGS = (
					"$(inherited)",
					"-ObjC",
					"-lc++",
				);
				PRODUCT_BUNDLE_IDENTIFIER = com.lemonadeStandApp.com;
				PRODUCT_NAME = Lemonade_Standing_App;
				SUPPORTED_PLATFORMS = "iphoneos iphonesimulator";
				SUPPORTS_MACCATALYST = NO;
				SUPPORTS_MAC_DESIGNED_FOR_IPHONE_IPAD = NO;
				SUPPORTS_XR_DESIGNED_FOR_IPHONE_IPAD = NO;
				SWIFT_VERSION = 5.0;
				TARGETED_DEVICE_FAMILY = 1;
				VERSIONING_SYSTEM = "apple-generic";
			};
			name = Release;
		};
		83CBBA201A601CBA00E9B192 /* Debug */ = {
			isa = XCBuildConfiguration;
			buildSettings = {
				ALWAYS_SEARCH_USER_PATHS = NO;
				CC = "";
				CLANG_ANALYZER_LOCALIZABILITY_NONLOCALIZED = YES;
				CLANG_CXX_LANGUAGE_STANDARD = "c++20";
				CLANG_CXX_LIBRARY = "libc++";
				CLANG_ENABLE_MODULES = YES;
				CLANG_ENABLE_OBJC_ARC = YES;
				CLANG_WARN_BLOCK_CAPTURE_AUTORELEASING = YES;
				CLANG_WARN_BOOL_CONVERSION = YES;
				CLANG_WARN_COMMA = YES;
				CLANG_WARN_CONSTANT_CONVERSION = YES;
				CLANG_WARN_DEPRECATED_OBJC_IMPLEMENTATIONS = YES;
				CLANG_WARN_DIRECT_OBJC_ISA_USAGE = YES_ERROR;
				CLANG_WARN_EMPTY_BODY = YES;
				CLANG_WARN_ENUM_CONVERSION = YES;
				CLANG_WARN_INFINITE_RECURSION = YES;
				CLANG_WARN_INT_CONVERSION = YES;
				CLANG_WARN_NON_LITERAL_NULL_CONVERSION = YES;
				CLANG_WARN_OBJC_IMPLICIT_RETAIN_SELF = YES;
				CLANG_WARN_OBJC_LITERAL_CONVERSION = YES;
				CLANG_WARN_OBJC_ROOT_CLASS = YES_ERROR;
				CLANG_WARN_QUOTED_INCLUDE_IN_FRAMEWORK_HEADER = YES;
				CLANG_WARN_RANGE_LOOP_ANALYSIS = YES;
				CLANG_WARN_STRICT_PROTOTYPES = YES;
				CLANG_WARN_SUSPICIOUS_MOVE = YES;
				CLANG_WARN_UNREACHABLE_CODE = YES;
				CLANG_WARN__DUPLICATE_METHOD_MATCH = YES;
				"CODE_SIGN_IDENTITY[sdk=iphoneos*]" = "iPhone Developer";
				COPY_PHASE_STRIP = NO;
				CXX = "";
				ENABLE_STRICT_OBJC_MSGSEND = YES;
				ENABLE_TESTABILITY = YES;
				"EXCLUDED_ARCHS[sdk=iphonesimulator*]" = "";
				GCC_C_LANGUAGE_STANDARD = gnu99;
				GCC_DYNAMIC_NO_PIC = NO;
				GCC_NO_COMMON_BLOCKS = YES;
				GCC_OPTIMIZATION_LEVEL = 0;
				GCC_PREPROCESSOR_DEFINITIONS = (
					"DEBUG=1",
					"$(inherited)",
				);
				GCC_SYMBOLS_PRIVATE_EXTERN = NO;
				GCC_WARN_64_TO_32_BIT_CONVERSION = YES;
				GCC_WARN_ABOUT_RETURN_TYPE = YES_ERROR;
				GCC_WARN_UNDECLARED_SELECTOR = YES;
				GCC_WARN_UNINITIALIZED_AUTOS = YES_AGGRESSIVE;
				GCC_WARN_UNUSED_FUNCTION = YES;
				GCC_WARN_UNUSED_VARIABLE = YES;
				IPHONEOS_DEPLOYMENT_TARGET = 13.4;
				LD = "";
				LDPLUSPLUS = "";
				LD_RUNPATH_SEARCH_PATHS = (
					/usr/lib/swift,
					"$(inherited)",
				);
				LIBRARY_SEARCH_PATHS = (
					"\"$(SDKROOT)/usr/lib/swift\"",
					"\"$(TOOLCHAIN_DIR)/usr/lib/swift/$(PLATFORM_NAME)\"",
					"\"$(inherited)\"",
				);
				MTL_ENABLE_DEBUG_INFO = YES;
				ONLY_ACTIVE_ARCH = YES;
				OTHER_CPLUSPLUSFLAGS = (
					"$(OTHER_CFLAGS)",
					"-DFOLLY_NO_CONFIG",
					"-DFOLLY_MOBILE=1",
					"-DFOLLY_USE_LIBCPP=1",
					"-DFOLLY_CFG_NO_COROUTINES=1",
					"-DFOLLY_HAVE_CLOCK_GETTIME=1",
				);
				OTHER_LDFLAGS = (
					"$(inherited)",
					" ",
				);
				REACT_NATIVE_PATH = "${PODS_ROOT}/../../node_modules/react-native";
				SDKROOT = iphoneos;
				SWIFT_ACTIVE_COMPILATION_CONDITIONS = "$(inherited) DEBUG";
				USE_HERMES = true;
			};
			name = Debug;
		};
		83CBBA211A601CBA00E9B192 /* Release */ = {
			isa = XCBuildConfiguration;
			buildSettings = {
				ALWAYS_SEARCH_USER_PATHS = NO;
				CC = "";
				CLANG_ANALYZER_LOCALIZABILITY_NONLOCALIZED = YES;
				CLANG_CXX_LANGUAGE_STANDARD = "c++20";
				CLANG_CXX_LIBRARY = "libc++";
				CLANG_ENABLE_MODULES = YES;
				CLANG_ENABLE_OBJC_ARC = YES;
				CLANG_WARN_BLOCK_CAPTURE_AUTORELEASING = YES;
				CLANG_WARN_BOOL_CONVERSION = YES;
				CLANG_WARN_COMMA = YES;
				CLANG_WARN_CONSTANT_CONVERSION = YES;
				CLANG_WARN_DEPRECATED_OBJC_IMPLEMENTATIONS = YES;
				CLANG_WARN_DIRECT_OBJC_ISA_USAGE = YES_ERROR;
				CLANG_WARN_EMPTY_BODY = YES;
				CLANG_WARN_ENUM_CONVERSION = YES;
				CLANG_WARN_INFINITE_RECURSION = YES;
				CLANG_WARN_INT_CONVERSION = YES;
				CLANG_WARN_NON_LITERAL_NULL_CONVERSION = YES;
				CLANG_WARN_OBJC_IMPLICIT_RETAIN_SELF = YES;
				CLANG_WARN_OBJC_LITERAL_CONVERSION = YES;
				CLANG_WARN_OBJC_ROOT_CLASS = YES_ERROR;
				CLANG_WARN_QUOTED_INCLUDE_IN_FRAMEWORK_HEADER = YES;
				CLANG_WARN_RANGE_LOOP_ANALYSIS = YES;
				CLANG_WARN_STRICT_PROTOTYPES = YES;
				CLANG_WARN_SUSPICIOUS_MOVE = YES;
				CLANG_WARN_UNREACHABLE_CODE = YES;
				CLANG_WARN__DUPLICATE_METHOD_MATCH = YES;
				"CODE_SIGN_IDENTITY[sdk=iphoneos*]" = "iPhone Developer";
				COPY_PHASE_STRIP = YES;
				CXX = "";
				ENABLE_NS_ASSERTIONS = NO;
				ENABLE_STRICT_OBJC_MSGSEND = YES;
				"EXCLUDED_ARCHS[sdk=iphonesimulator*]" = "";
				GCC_C_LANGUAGE_STANDARD = gnu99;
				GCC_NO_COMMON_BLOCKS = YES;
				GCC_WARN_64_TO_32_BIT_CONVERSION = YES;
				GCC_WARN_ABOUT_RETURN_TYPE = YES_ERROR;
				GCC_WARN_UNDECLARED_SELECTOR = YES;
				GCC_WARN_UNINITIALIZED_AUTOS = YES_AGGRESSIVE;
				GCC_WARN_UNUSED_FUNCTION = YES;
				GCC_WARN_UNUSED_VARIABLE = YES;
				IPHONEOS_DEPLOYMENT_TARGET = 13.4;
				LD = "";
				LDPLUSPLUS = "";
				LD_RUNPATH_SEARCH_PATHS = (
					/usr/lib/swift,
					"$(inherited)",
				);
				LIBRARY_SEARCH_PATHS = (
					"\"$(SDKROOT)/usr/lib/swift\"",
					"\"$(TOOLCHAIN_DIR)/usr/lib/swift/$(PLATFORM_NAME)\"",
					"\"$(inherited)\"",
				);
				MTL_ENABLE_DEBUG_INFO = NO;
				OTHER_CPLUSPLUSFLAGS = (
					"$(OTHER_CFLAGS)",
					"-DFOLLY_NO_CONFIG",
					"-DFOLLY_MOBILE=1",
					"-DFOLLY_USE_LIBCPP=1",
					"-DFOLLY_CFG_NO_COROUTINES=1",
					"-DFOLLY_HAVE_CLOCK_GETTIME=1",
				);
				OTHER_LDFLAGS = (
					"$(inherited)",
					" ",
				);
				REACT_NATIVE_PATH = "${PODS_ROOT}/../../node_modules/react-native";
				SDKROOT = iphoneos;
				USE_HERMES = true;
				VALIDATE_PRODUCT = YES;
			};
			name = Release;
		};
/* End XCBuildConfiguration section */

/* Begin XCConfigurationList section */
		00E357021AD99517003FC87E /* Build configuration list for PBXNativeTarget "Lemonade_Standing_AppTests" */ = {
			isa = XCConfigurationList;
			buildConfigurations = (
				00E356F61AD99517003FC87E /* Debug */,
				00E356F71AD99517003FC87E /* Release */,
			);
			defaultConfigurationIsVisible = 0;
			defaultConfigurationName = Release;
		};
		13B07F931A680F5B00A75B9A /* Build configuration list for PBXNativeTarget "Lemonade_Standing_App" */ = {
			isa = XCConfigurationList;
			buildConfigurations = (
				13B07F941A680F5B00A75B9A /* Debug */,
				13B07F951A680F5B00A75B9A /* Release */,
			);
			defaultConfigurationIsVisible = 0;
			defaultConfigurationName = Release;
		};
		83CBB9FA1A601CBA00E9B192 /* Build configuration list for PBXProject "Lemonade_Standing_App" */ = {
			isa = XCConfigurationList;
			buildConfigurations = (
				83CBBA201A601CBA00E9B192 /* Debug */,
				83CBBA211A601CBA00E9B192 /* Release */,
			);
			defaultConfigurationIsVisible = 0;
			defaultConfigurationName = Release;
		};
/* End XCConfigurationList section */
	};
	rootObject = 83CBB9F71A601CBA00E9B192 /* Project object */;
}
